// !$*UTF8*$!
{
	archiveVersion = 1;
	classes = {
	};
	objectVersion = 56;
	objects = {

/* Begin PBXBuildFile section */
		D5AD1E722B5214920044E155 /* Dorm_CommandsApp.swift in Sources */ = {isa = PBXBuildFile; fileRef = D5AD1E712B5214920044E155 /* Dorm_CommandsApp.swift */; };
		D5AD1E742B5214920044E155 /* ContentView.swift in Sources */ = {isa = PBXBuildFile; fileRef = D5AD1E732B5214920044E155 /* ContentView.swift */; };
		D5AD1E782B5214960044E155 /* Assets.xcassets in Resources */ = {isa = PBXBuildFile; fileRef = D5AD1E772B5214960044E155 /* Assets.xcassets */; };
		D5AD1E7B2B5214960044E155 /* Preview Assets.xcassets in Resources */ = {isa = PBXBuildFile; fileRef = D5AD1E7A2B5214960044E155 /* Preview Assets.xcassets */; };
		D5AD1E852B5846F20044E155 /* MainView.swift in Sources */ = {isa = PBXBuildFile; fileRef = D5AD1E842B5846F20044E155 /* MainView.swift */; };
		D5AD1E872B5847660044E155 /* LogInView.swift in Sources */ = {isa = PBXBuildFile; fileRef = D5AD1E862B5847660044E155 /* LogInView.swift */; };
		D5AD1E892B58478A0044E155 /* RegisterView.swift in Sources */ = {isa = PBXBuildFile; fileRef = D5AD1E882B58478A0044E155 /* RegisterView.swift */; };
		D5AD1E8B2B5847D00044E155 /* LightView.swift in Sources */ = {isa = PBXBuildFile; fileRef = D5AD1E8A2B5847D00044E155 /* LightView.swift */; };
		D5AD1E8D2B5847E60044E155 /* SpotifyView.swift in Sources */ = {isa = PBXBuildFile; fileRef = D5AD1E8C2B5847E60044E155 /* SpotifyView.swift */; };
		D5AD1E8F2B58480D0044E155 /* DashboardView.swift in Sources */ = {isa = PBXBuildFile; fileRef = D5AD1E8E2B58480D0044E155 /* DashboardView.swift */; };
		D5AD1E922B5849710044E155 /* Alamofire in Frameworks */ = {isa = PBXBuildFile; productRef = D5AD1E912B5849710044E155 /* Alamofire */; };
		D5AD1E952B5849E50044E155 /* SwiftyJSON in Frameworks */ = {isa = PBXBuildFile; productRef = D5AD1E942B5849E50044E155 /* SwiftyJSON */; };
		D5AD1E972B5855000044E155 /* LightViewModel.swift in Sources */ = {isa = PBXBuildFile; fileRef = D5AD1E962B5855000044E155 /* LightViewModel.swift */; };
		D5E2361A2B5BCF310077610E /* ResetPasswordView.swift in Sources */ = {isa = PBXBuildFile; fileRef = D5E236192B5BCF310077610E /* ResetPasswordView.swift */; };
/* End PBXBuildFile section */

/* Begin PBXFileReference section */
		D5AD1E6E2B5214920044E155 /* Dorm Commands.app */ = {isa = PBXFileReference; explicitFileType = wrapper.application; includeInIndex = 0; path = "Dorm Commands.app"; sourceTree = BUILT_PRODUCTS_DIR; };
		D5AD1E712B5214920044E155 /* Dorm_CommandsApp.swift */ = {isa = PBXFileReference; lastKnownFileType = sourcecode.swift; path = Dorm_CommandsApp.swift; sourceTree = "<group>"; };
		D5AD1E732B5214920044E155 /* ContentView.swift */ = {isa = PBXFileReference; lastKnownFileType = sourcecode.swift; path = ContentView.swift; sourceTree = "<group>"; };
		D5AD1E772B5214960044E155 /* Assets.xcassets */ = {isa = PBXFileReference; lastKnownFileType = folder.assetcatalog; path = Assets.xcassets; sourceTree = "<group>"; };
		D5AD1E7A2B5214960044E155 /* Preview Assets.xcassets */ = {isa = PBXFileReference; lastKnownFileType = folder.assetcatalog; path = "Preview Assets.xcassets"; sourceTree = "<group>"; };
		D5AD1E842B5846F20044E155 /* MainView.swift */ = {isa = PBXFileReference; lastKnownFileType = sourcecode.swift; path = MainView.swift; sourceTree = "<group>"; };
		D5AD1E862B5847660044E155 /* LogInView.swift */ = {isa = PBXFileReference; lastKnownFileType = sourcecode.swift; path = LogInView.swift; sourceTree = "<group>"; };
		D5AD1E882B58478A0044E155 /* RegisterView.swift */ = {isa = PBXFileReference; lastKnownFileType = sourcecode.swift; path = RegisterView.swift; sourceTree = "<group>"; };
		D5AD1E8A2B5847D00044E155 /* LightView.swift */ = {isa = PBXFileReference; lastKnownFileType = sourcecode.swift; path = LightView.swift; sourceTree = "<group>"; };
		D5AD1E8C2B5847E60044E155 /* SpotifyView.swift */ = {isa = PBXFileReference; lastKnownFileType = sourcecode.swift; path = SpotifyView.swift; sourceTree = "<group>"; };
		D5AD1E8E2B58480D0044E155 /* DashboardView.swift */ = {isa = PBXFileReference; lastKnownFileType = sourcecode.swift; path = DashboardView.swift; sourceTree = "<group>"; };
		D5AD1E962B5855000044E155 /* LightViewModel.swift */ = {isa = PBXFileReference; lastKnownFileType = sourcecode.swift; path = LightViewModel.swift; sourceTree = "<group>"; };
		D5E236192B5BCF310077610E /* ResetPasswordView.swift */ = {isa = PBXFileReference; lastKnownFileType = sourcecode.swift; path = ResetPasswordView.swift; sourceTree = "<group>"; };
/* End PBXFileReference section */

/* Begin PBXFrameworksBuildPhase section */
		D5AD1E6B2B5214920044E155 /* Frameworks */ = {
			isa = PBXFrameworksBuildPhase;
			buildActionMask = 2147483647;
			files = (
				D5AD1E952B5849E50044E155 /* SwiftyJSON in Frameworks */,
				D5AD1E922B5849710044E155 /* Alamofire in Frameworks */,
			);
			runOnlyForDeploymentPostprocessing = 0;
		};
/* End PBXFrameworksBuildPhase section */

/* Begin PBXGroup section */
		D5AD1E652B5214920044E155 = {
			isa = PBXGroup;
			children = (
				D5AD1E702B5214920044E155 /* Dorm Commands */,
				D5AD1E6F2B5214920044E155 /* Products */,
			);
			sourceTree = "<group>";
		};
		D5AD1E6F2B5214920044E155 /* Products */ = {
			isa = PBXGroup;
			children = (
				D5AD1E6E2B5214920044E155 /* Dorm Commands.app */,
			);
			name = Products;
			sourceTree = "<group>";
		};
		D5AD1E702B5214920044E155 /* Dorm Commands */ = {
			isa = PBXGroup;
			children = (
				D5AD1E832B5846670044E155 /* Models */,
				D5AD1E822B5846410044E155 /* VIewModels */,
				D5AD1E812B5846290044E155 /* Views */,
				D5AD1E712B5214920044E155 /* Dorm_CommandsApp.swift */,
				D5AD1E732B5214920044E155 /* ContentView.swift */,
				D5AD1E772B5214960044E155 /* Assets.xcassets */,
				D5AD1E792B5214960044E155 /* Preview Content */,
			);
			path = "Dorm Commands";
			sourceTree = "<group>";
		};
		D5AD1E792B5214960044E155 /* Preview Content */ = {
			isa = PBXGroup;
			children = (
				D5AD1E7A2B5214960044E155 /* Preview Assets.xcassets */,
			);
			path = "Preview Content";
			sourceTree = "<group>";
		};
		D5AD1E812B5846290044E155 /* Views */ = {
			isa = PBXGroup;
			children = (
				D5AD1E842B5846F20044E155 /* MainView.swift */,
				D5AD1E862B5847660044E155 /* LogInView.swift */,
				D5E236192B5BCF310077610E /* ResetPasswordView.swift */,
				D5AD1E882B58478A0044E155 /* RegisterView.swift */,
				D5AD1E8A2B5847D00044E155 /* LightView.swift */,
				D5AD1E8C2B5847E60044E155 /* SpotifyView.swift */,
				D5AD1E8E2B58480D0044E155 /* DashboardView.swift */,
			);
			path = Views;
			sourceTree = "<group>";
		};
		D5AD1E822B5846410044E155 /* VIewModels */ = {
			isa = PBXGroup;
			children = (
				D5AD1E962B5855000044E155 /* LightViewModel.swift */,
			);
			path = VIewModels;
			sourceTree = "<group>";
		};
		D5AD1E832B5846670044E155 /* Models */ = {
			isa = PBXGroup;
			children = (
			);
			path = Models;
			sourceTree = "<group>";
		};
/* End PBXGroup section */

/* Begin PBXNativeTarget section */
		D5AD1E6D2B5214920044E155 /* Dorm Commands */ = {
			isa = PBXNativeTarget;
			buildConfigurationList = D5AD1E7E2B5214960044E155 /* Build configuration list for PBXNativeTarget "Dorm Commands" */;
			buildPhases = (
				D5AD1E6A2B5214920044E155 /* Sources */,
				D5AD1E6B2B5214920044E155 /* Frameworks */,
				D5AD1E6C2B5214920044E155 /* Resources */,
			);
			buildRules = (
			);
			dependencies = (
			);
			name = "Dorm Commands";
			packageProductDependencies = (
				D5AD1E912B5849710044E155 /* Alamofire */,
				D5AD1E942B5849E50044E155 /* SwiftyJSON */,
			);
			productName = "Dorm Commands";
			productReference = D5AD1E6E2B5214920044E155 /* Dorm Commands.app */;
			productType = "com.apple.product-type.application";
		};
/* End PBXNativeTarget section */

/* Begin PBXProject section */
		D5AD1E662B5214920044E155 /* Project object */ = {
			isa = PBXProject;
			attributes = {
				BuildIndependentTargetsInParallel = 1;
				LastSwiftUpdateCheck = 1510;
				LastUpgradeCheck = 1510;
				TargetAttributes = {
					D5AD1E6D2B5214920044E155 = {
						CreatedOnToolsVersion = 15.1;
					};
				};
			};
			buildConfigurationList = D5AD1E692B5214920044E155 /* Build configuration list for PBXProject "Dorm Commands" */;
			compatibilityVersion = "Xcode 14.0";
			developmentRegion = en;
			hasScannedForEncodings = 0;
			knownRegions = (
				en,
				Base,
			);
			mainGroup = D5AD1E652B5214920044E155;
			packageReferences = (
				D5AD1E902B5849710044E155 /* XCRemoteSwiftPackageReference "Alamofire" */,
				D5AD1E932B5849E50044E155 /* XCRemoteSwiftPackageReference "SwiftyJSON" */,
			);
			productRefGroup = D5AD1E6F2B5214920044E155 /* Products */;
			projectDirPath = "";
			projectRoot = "";
			targets = (
				D5AD1E6D2B5214920044E155 /* Dorm Commands */,
			);
		};
/* End PBXProject section */

/* Begin PBXResourcesBuildPhase section */
		D5AD1E6C2B5214920044E155 /* Resources */ = {
			isa = PBXResourcesBuildPhase;
			buildActionMask = 2147483647;
			files = (
				D5AD1E7B2B5214960044E155 /* Preview Assets.xcassets in Resources */,
				D5AD1E782B5214960044E155 /* Assets.xcassets in Resources */,
			);
			runOnlyForDeploymentPostprocessing = 0;
		};
/* End PBXResourcesBuildPhase section */

/* Begin PBXSourcesBuildPhase section */
		D5AD1E6A2B5214920044E155 /* Sources */ = {
			isa = PBXSourcesBuildPhase;
			buildActionMask = 2147483647;
			files = (
				D5AD1E8D2B5847E60044E155 /* SpotifyView.swift in Sources */,
				D5AD1E8F2B58480D0044E155 /* DashboardView.swift in Sources */,
				D5AD1E972B5855000044E155 /* LightViewModel.swift in Sources */,
				D5AD1E742B5214920044E155 /* ContentView.swift in Sources */,
				D5AD1E8B2B5847D00044E155 /* LightView.swift in Sources */,
				D5AD1E892B58478A0044E155 /* RegisterView.swift in Sources */,
				D5AD1E852B5846F20044E155 /* MainView.swift in Sources */,
				D5E2361A2B5BCF310077610E /* ResetPasswordView.swift in Sources */,
				D5AD1E872B5847660044E155 /* LogInView.swift in Sources */,
				D5AD1E722B5214920044E155 /* Dorm_CommandsApp.swift in Sources */,
			);
			runOnlyForDeploymentPostprocessing = 0;
		};
/* End PBXSourcesBuildPhase section */

/* Begin XCBuildConfiguration section */
		D5AD1E7C2B5214960044E155 /* Debug */ = {
			isa = XCBuildConfiguration;
			buildSettings = {
				ALWAYS_SEARCH_USER_PATHS = NO;
				ASSETCATALOG_COMPILER_GENERATE_SWIFT_ASSET_SYMBOL_EXTENSIONS = YES;
				CLANG_ANALYZER_NONNULL = YES;
				CLANG_ANALYZER_NUMBER_OBJECT_CONVERSION = YES_AGGRESSIVE;
				CLANG_CXX_LANGUAGE_STANDARD = "gnu++20";
				CLANG_ENABLE_MODULES = YES;
				CLANG_ENABLE_OBJC_ARC = YES;
				CLANG_ENABLE_OBJC_WEAK = YES;
				CLANG_WARN_BLOCK_CAPTURE_AUTORELEASING = YES;
				CLANG_WARN_BOOL_CONVERSION = YES;
				CLANG_WARN_COMMA = YES;
				CLANG_WARN_CONSTANT_CONVERSION = YES;
				CLANG_WARN_DEPRECATED_OBJC_IMPLEMENTATIONS = YES;
				CLANG_WARN_DIRECT_OBJC_ISA_USAGE = YES_ERROR;
				CLANG_WARN_DOCUMENTATION_COMMENTS = YES;
				CLANG_WARN_EMPTY_BODY = YES;
				CLANG_WARN_ENUM_CONVERSION = YES;
				CLANG_WARN_INFINITE_RECURSION = YES;
				CLANG_WARN_INT_CONVERSION = YES;
				CLANG_WARN_NON_LITERAL_NULL_CONVERSION = YES;
				CLANG_WARN_OBJC_IMPLICIT_RETAIN_SELF = YES;
				CLANG_WARN_OBJC_LITERAL_CONVERSION = YES;
				CLANG_WARN_OBJC_ROOT_CLASS = YES_ERROR;
				CLANG_WARN_QUOTED_INCLUDE_IN_FRAMEWORK_HEADER = YES;
				CLANG_WARN_RANGE_LOOP_ANALYSIS = YES;
				CLANG_WARN_STRICT_PROTOTYPES = YES;
				CLANG_WARN_SUSPICIOUS_MOVE = YES;
				CLANG_WARN_UNGUARDED_AVAILABILITY = YES_AGGRESSIVE;
				CLANG_WARN_UNREACHABLE_CODE = YES;
				CLANG_WARN__DUPLICATE_METHOD_MATCH = YES;
				COPY_PHASE_STRIP = NO;
				DEBUG_INFORMATION_FORMAT = dwarf;
				ENABLE_STRICT_OBJC_MSGSEND = YES;
				ENABLE_TESTABILITY = YES;
				ENABLE_USER_SCRIPT_SANDBOXING = YES;
				GCC_C_LANGUAGE_STANDARD = gnu17;
				GCC_DYNAMIC_NO_PIC = NO;
				GCC_NO_COMMON_BLOCKS = YES;
				GCC_OPTIMIZATION_LEVEL = 0;
				GCC_PREPROCESSOR_DEFINITIONS = (
					"DEBUG=1",
					"$(inherited)",
				);
				GCC_WARN_64_TO_32_BIT_CONVERSION = YES;
				GCC_WARN_ABOUT_RETURN_TYPE = YES_ERROR;
				GCC_WARN_UNDECLARED_SELECTOR = YES;
				GCC_WARN_UNINITIALIZED_AUTOS = YES_AGGRESSIVE;
				GCC_WARN_UNUSED_FUNCTION = YES;
				GCC_WARN_UNUSED_VARIABLE = YES;
				IPHONEOS_DEPLOYMENT_TARGET = 17.2;
				LOCALIZATION_PREFERS_STRING_CATALOGS = YES;
				MTL_ENABLE_DEBUG_INFO = INCLUDE_SOURCE;
				MTL_FAST_MATH = YES;
				ONLY_ACTIVE_ARCH = YES;
				SDKROOT = iphoneos;
				SWIFT_ACTIVE_COMPILATION_CONDITIONS = "DEBUG $(inherited)";
				SWIFT_OPTIMIZATION_LEVEL = "-Onone";
			};
			name = Debug;
		};
		D5AD1E7D2B5214960044E155 /* Release */ = {
			isa = XCBuildConfiguration;
			buildSettings = {
				ALWAYS_SEARCH_USER_PATHS = NO;
				ASSETCATALOG_COMPILER_GENERATE_SWIFT_ASSET_SYMBOL_EXTENSIONS = YES;
				CLANG_ANALYZER_NONNULL = YES;
				CLANG_ANALYZER_NUMBER_OBJECT_CONVERSION = YES_AGGRESSIVE;
				CLANG_CXX_LANGUAGE_STANDARD = "gnu++20";
				CLANG_ENABLE_MODULES = YES;
				CLANG_ENABLE_OBJC_ARC = YES;
				CLANG_ENABLE_OBJC_WEAK = YES;
				CLANG_WARN_BLOCK_CAPTURE_AUTORELEASING = YES;
				CLANG_WARN_BOOL_CONVERSION = YES;
				CLANG_WARN_COMMA = YES;
				CLANG_WARN_CONSTANT_CONVERSION = YES;
				CLANG_WARN_DEPRECATED_OBJC_IMPLEMENTATIONS = YES;
				CLANG_WARN_DIRECT_OBJC_ISA_USAGE = YES_ERROR;
				CLANG_WARN_DOCUMENTATION_COMMENTS = YES;
				CLANG_WARN_EMPTY_BODY = YES;
				CLANG_WARN_ENUM_CONVERSION = YES;
				CLANG_WARN_INFINITE_RECURSION = YES;
				CLANG_WARN_INT_CONVERSION = YES;
				CLANG_WARN_NON_LITERAL_NULL_CONVERSION = YES;
				CLANG_WARN_OBJC_IMPLICIT_RETAIN_SELF = YES;
				CLANG_WARN_OBJC_LITERAL_CONVERSION = YES;
				CLANG_WARN_OBJC_ROOT_CLASS = YES_ERROR;
				CLANG_WARN_QUOTED_INCLUDE_IN_FRAMEWORK_HEADER = YES;
				CLANG_WARN_RANGE_LOOP_ANALYSIS = YES;
				CLANG_WARN_STRICT_PROTOTYPES = YES;
				CLANG_WARN_SUSPICIOUS_MOVE = YES;
				CLANG_WARN_UNGUARDED_AVAILABILITY = YES_AGGRESSIVE;
				CLANG_WARN_UNREACHABLE_CODE = YES;
				CLANG_WARN__DUPLICATE_METHOD_MATCH = YES;
				COPY_PHASE_STRIP = NO;
				DEBUG_INFORMATION_FORMAT = "dwarf-with-dsym";
				ENABLE_NS_ASSERTIONS = NO;
				ENABLE_STRICT_OBJC_MSGSEND = YES;
				ENABLE_USER_SCRIPT_SANDBOXING = YES;
				GCC_C_LANGUAGE_STANDARD = gnu17;
				GCC_NO_COMMON_BLOCKS = YES;
				GCC_WARN_64_TO_32_BIT_CONVERSION = YES;
				GCC_WARN_ABOUT_RETURN_TYPE = YES_ERROR;
				GCC_WARN_UNDECLARED_SELECTOR = YES;
				GCC_WARN_UNINITIALIZED_AUTOS = YES_AGGRESSIVE;
				GCC_WARN_UNUSED_FUNCTION = YES;
				GCC_WARN_UNUSED_VARIABLE = YES;
				IPHONEOS_DEPLOYMENT_TARGET = 17.2;
				LOCALIZATION_PREFERS_STRING_CATALOGS = YES;
				MTL_ENABLE_DEBUG_INFO = NO;
				MTL_FAST_MATH = YES;
				SDKROOT = iphoneos;
				SWIFT_COMPILATION_MODE = wholemodule;
				VALIDATE_PRODUCT = YES;
			};
			name = Release;
		};
		D5AD1E7F2B5214960044E155 /* Debug */ = {
			isa = XCBuildConfiguration;
			buildSettings = {
				ASSETCATALOG_COMPILER_APPICON_NAME = AppIcon;
				ASSETCATALOG_COMPILER_GLOBAL_ACCENT_COLOR_NAME = AccentColor;
				CODE_SIGN_STYLE = Automatic;
				CURRENT_PROJECT_VERSION = 1;
				DEVELOPMENT_ASSET_PATHS = "\"Dorm Commands/Preview Content\"";
				DEVELOPMENT_TEAM = 6MJCFP29V7;
				ENABLE_PREVIEWS = YES;
				GENERATE_INFOPLIST_FILE = YES;
				INFOPLIST_KEY_UIApplicationSceneManifest_Generation = YES;
				INFOPLIST_KEY_UIApplicationSupportsIndirectInputEvents = YES;
				INFOPLIST_KEY_UILaunchScreen_Generation = YES;
				INFOPLIST_KEY_UISupportedInterfaceOrientations_iPad = "UIInterfaceOrientationPortrait UIInterfaceOrientationPortraitUpsideDown UIInterfaceOrientationLandscapeLeft UIInterfaceOrientationLandscapeRight";
				INFOPLIST_KEY_UISupportedInterfaceOrientations_iPhone = "UIInterfaceOrientationPortrait UIInterfaceOrientationLandscapeLeft UIInterfaceOrientationLandscapeRight";
				LD_RUNPATH_SEARCH_PATHS = (
					"$(inherited)",
					"@executable_path/Frameworks",
				);
				MARKETING_VERSION = 1.0;
				PRODUCT_BUNDLE_IDENTIFIER = "com.GavinPayne.Dorm-Commands";
				PRODUCT_NAME = "$(TARGET_NAME)";
				SWIFT_EMIT_LOC_STRINGS = YES;
				SWIFT_VERSION = 5.0;
				TARGETED_DEVICE_FAMILY = "1,2";
			};
			name = Debug;
		};
		D5AD1E802B5214960044E155 /* Release */ = {
			isa = XCBuildConfiguration;
			buildSettings = {
				ASSETCATALOG_COMPILER_APPICON_NAME = AppIcon;
				ASSETCATALOG_COMPILER_GLOBAL_ACCENT_COLOR_NAME = AccentColor;
				CODE_SIGN_STYLE = Automatic;
				CURRENT_PROJECT_VERSION = 1;
				DEVELOPMENT_ASSET_PATHS = "\"Dorm Commands/Preview Content\"";
				DEVELOPMENT_TEAM = 6MJCFP29V7;
				ENABLE_PREVIEWS = YES;
				GENERATE_INFOPLIST_FILE = YES;
				INFOPLIST_KEY_UIApplicationSceneManifest_Generation = YES;
				INFOPLIST_KEY_UIApplicationSupportsIndirectInputEvents = YES;
				INFOPLIST_KEY_UILaunchScreen_Generation = YES;
				INFOPLIST_KEY_UISupportedInterfaceOrientations_iPad = "UIInterfaceOrientationPortrait UIInterfaceOrientationPortraitUpsideDown UIInterfaceOrientationLandscapeLeft UIInterfaceOrientationLandscapeRight";
				INFOPLIST_KEY_UISupportedInterfaceOrientations_iPhone = "UIInterfaceOrientationPortrait UIInterfaceOrientationLandscapeLeft UIInterfaceOrientationLandscapeRight";
				LD_RUNPATH_SEARCH_PATHS = (
					"$(inherited)",
					"@executable_path/Frameworks",
				);
				MARKETING_VERSION = 1.0;
				PRODUCT_BUNDLE_IDENTIFIER = "com.GavinPayne.Dorm-Commands";
				PRODUCT_NAME = "$(TARGET_NAME)";
				SWIFT_EMIT_LOC_STRINGS = YES;
				SWIFT_VERSION = 5.0;
				TARGETED_DEVICE_FAMILY = "1,2";
			};
			name = Release;
		};
/* End XCBuildConfiguration section */

/* Begin XCConfigurationList section */
		D5AD1E692B5214920044E155 /* Build configuration list for PBXProject "Dorm Commands" */ = {
			isa = XCConfigurationList;
			buildConfigurations = (
				D5AD1E7C2B5214960044E155 /* Debug */,
				D5AD1E7D2B5214960044E155 /* Release */,
			);
			defaultConfigurationIsVisible = 0;
			defaultConfigurationName = Release;
		};
		D5AD1E7E2B5214960044E155 /* Build configuration list for PBXNativeTarget "Dorm Commands" */ = {
			isa = XCConfigurationList;
			buildConfigurations = (
				D5AD1E7F2B5214960044E155 /* Debug */,
				D5AD1E802B5214960044E155 /* Release */,
			);
			defaultConfigurationIsVisible = 0;
			defaultConfigurationName = Release;
		};
/* End XCConfigurationList section */

/* Begin XCRemoteSwiftPackageReference section */
		D5AD1E902B5849710044E155 /* XCRemoteSwiftPackageReference "Alamofire" */ = {
			isa = XCRemoteSwiftPackageReference;
			repositoryURL = "https://github.com/Alamofire/Alamofire";
			requirement = {
				kind = upToNextMajorVersion;
				minimumVersion = 5.8.1;
			};
		};
		D5AD1E932B5849E50044E155 /* XCRemoteSwiftPackageReference "SwiftyJSON" */ = {
			isa = XCRemoteSwiftPackageReference;
			repositoryURL = "git@github.com:SwiftyJSON/SwiftyJSON.git";
			requirement = {
				kind = upToNextMajorVersion;
				minimumVersion = 5.0.1;
			};
		};
/* End XCRemoteSwiftPackageReference section */

/* Begin XCSwiftPackageProductDependency section */
		D5AD1E912B5849710044E155 /* Alamofire */ = {
			isa = XCSwiftPackageProductDependency;
			package = D5AD1E902B5849710044E155 /* XCRemoteSwiftPackageReference "Alamofire" */;
			productName = Alamofire;
		};
		D5AD1E942B5849E50044E155 /* SwiftyJSON */ = {
			isa = XCSwiftPackageProductDependency;
			package = D5AD1E932B5849E50044E155 /* XCRemoteSwiftPackageReference "SwiftyJSON" */;
			productName = SwiftyJSON;
		};
/* End XCSwiftPackageProductDependency section */
	};
	rootObject = D5AD1E662B5214920044E155 /* Project object */;
}
